Microsoft Visual Studio Solution File, Format Version 12.00
# Visual Studio Version 17
VisualStudioVersion = 17.5.2.0
MinimumVisualStudioVersion = 10.0.40219.1
Project("{FAE04EC0-301F-11D3-BF4B-00C04F79EFBC}") = "VeszelyesUtAminJarok", "VeszelyesUtAminJarok.csproj", "{443A2E11-587A-3B1D-C4F3-5B7FF3BBB417}"
EndProject
Global
	GlobalSection(SolutionConfigurationPlatforms) = preSolution
		Debug|Any CPU = Debug|Any CPU
		Release|Any CPU = Release|Any CPU
	EndGlobalSection
	GlobalSection(ProjectConfigurationPlatforms) = postSolution
		{443A2E11-587A-3B1D-C4F3-5B7FF3BBB417}.Debug|Any CPU.ActiveCfg = Debug|Any CPU
		{443A2E11-587A-3B1D-C4F3-5B7FF3BBB417}.Debug|Any CPU.Build.0 = Debug|Any CPU
		{443A2E11-587A-3B1D-C4F3-5B7FF3BBB417}.Release|Any CPU.ActiveCfg = Release|Any CPU
		{443A2E11-587A-3B1D-C4F3-5B7FF3BBB417}.Release|Any CPU.Build.0 = Release|Any CPU
	EndGlobalSection
	GlobalSection(SolutionProperties) = preSolution
		HideSolutionNode = FALSE
	EndGlobalSection
	GlobalSection(ExtensibilityGlobals) = postSolution
		SolutionGuid = {DC3F67BF-A30C-440B-B47A-D01F8829CE9A}
	EndGlobalSection
EndGlobal
