
Microsoft Visual Studio Solution File, Format Version 12.00
# Visual Studio Version 17
VisualStudioVersion = 17.11.35312.102
MinimumVisualStudioVersion = 10.0.40219.1
Project("{FAE04EC0-301F-11D3-BF4B-00C04F79EFBC}") = "SwitchCase", "SwitchCase\SwitchCase.csproj", "{31114430-CEDF-43D0-9660-9CC36A1EC74E}"
EndProject
Global
	GlobalSection(SolutionConfigurationPlatforms) = preSolution
		Debug|Any CPU = Debug|Any CPU
		Release|Any CPU = Release|Any CPU
	EndGlobalSection
	GlobalSection(ProjectConfigurationPlatforms) = postSolution
		{31114430-CEDF-43D0-9660-9CC36A1EC74E}.Debug|Any CPU.ActiveCfg = Debug|Any CPU
		{31114430-CEDF-43D0-9660-9CC36A1EC74E}.Debug|Any CPU.Build.0 = Debug|Any CPU
		{31114430-CEDF-43D0-9660-9CC36A1EC74E}.Release|Any CPU.ActiveCfg = Release|Any CPU
		{31114430-CEDF-43D0-9660-9CC36A1EC74E}.Release|Any CPU.Build.0 = Release|Any CPU
	EndGlobalSection
	GlobalSection(SolutionProperties) = preSolution
		HideSolutionNode = FALSE
	EndGlobalSection
	GlobalSection(ExtensibilityGlobals) = postSolution
		SolutionGuid = {6517A4BC-E139-48E0-82E8-2A0C8DBB470D}
	EndGlobalSection
EndGlobal
