
Microsoft Visual Studio Solution File, Format Version 12.00
# Visual Studio Version 17
VisualStudioVersion = 17.11.35312.102
MinimumVisualStudioVersion = 10.0.40219.1
Project("{FAE04EC0-301F-11D3-BF4B-00C04F79EFBC}") = "Sorozat", "Sorozat\Sorozat.csproj", "{C87114DB-1F2F-419F-8199-88CE6A8501F5}"
EndProject
Global
	GlobalSection(SolutionConfigurationPlatforms) = preSolution
		Debug|Any CPU = Debug|Any CPU
		Release|Any CPU = Release|Any CPU
	EndGlobalSection
	GlobalSection(ProjectConfigurationPlatforms) = postSolution
		{C87114DB-1F2F-419F-8199-88CE6A8501F5}.Debug|Any CPU.ActiveCfg = Debug|Any CPU
		{C87114DB-1F2F-419F-8199-88CE6A8501F5}.Debug|Any CPU.Build.0 = Debug|Any CPU
		{C87114DB-1F2F-419F-8199-88CE6A8501F5}.Release|Any CPU.ActiveCfg = Release|Any CPU
		{C87114DB-1F2F-419F-8199-88CE6A8501F5}.Release|Any CPU.Build.0 = Release|Any CPU
	EndGlobalSection
	GlobalSection(SolutionProperties) = preSolution
		HideSolutionNode = FALSE
	EndGlobalSection
	GlobalSection(ExtensibilityGlobals) = postSolution
		SolutionGuid = {813911E3-595C-4858-BAAF-A871B37D5912}
	EndGlobalSection
EndGlobal
