
Microsoft Visual Studio Solution File, Format Version 12.00
# Visual Studio Version 17
VisualStudioVersion = 17.11.35312.102
MinimumVisualStudioVersion = 10.0.40219.1
Project("{FAE04EC0-301F-11D3-BF4B-00C04F79EFBC}") = "Feladat1", "Feladat1\Feladat1.csproj", "{58F405D7-9959-4471-9453-2CDC8F8CF72B}"
EndProject
Global
	GlobalSection(SolutionConfigurationPlatforms) = preSolution
		Debug|Any CPU = Debug|Any CPU
		Release|Any CPU = Release|Any CPU
	EndGlobalSection
	GlobalSection(ProjectConfigurationPlatforms) = postSolution
		{58F405D7-9959-4471-9453-2CDC8F8CF72B}.Debug|Any CPU.ActiveCfg = Debug|Any CPU
		{58F405D7-9959-4471-9453-2CDC8F8CF72B}.Debug|Any CPU.Build.0 = Debug|Any CPU
		{58F405D7-9959-4471-9453-2CDC8F8CF72B}.Release|Any CPU.ActiveCfg = Release|Any CPU
		{58F405D7-9959-4471-9453-2CDC8F8CF72B}.Release|Any CPU.Build.0 = Release|Any CPU
	EndGlobalSection
	GlobalSection(SolutionProperties) = preSolution
		HideSolutionNode = FALSE
	EndGlobalSection
	GlobalSection(ExtensibilityGlobals) = postSolution
		SolutionGuid = {2401FEA7-5A6A-4444-9F32-1FD4B9B2B139}
	EndGlobalSection
EndGlobal
