
Microsoft Visual Studio Solution File, Format Version 12.00
# Visual Studio Version 17
VisualStudioVersion = 17.11.35312.102
MinimumVisualStudioVersion = 10.0.40219.1
Project("{FAE04EC0-301F-11D3-BF4B-00C04F79EFBC}") = "Tombok01", "Tombok01\Tombok01.csproj", "{6FE60D3B-56CC-4F3D-8A2F-3DB963FC5F10}"
EndProject
Global
	GlobalSection(SolutionConfigurationPlatforms) = preSolution
		Debug|Any CPU = Debug|Any CPU
		Release|Any CPU = Release|Any CPU
	EndGlobalSection
	GlobalSection(ProjectConfigurationPlatforms) = postSolution
		{6FE60D3B-56CC-4F3D-8A2F-3DB963FC5F10}.Debug|Any CPU.ActiveCfg = Debug|Any CPU
		{6FE60D3B-56CC-4F3D-8A2F-3DB963FC5F10}.Debug|Any CPU.Build.0 = Debug|Any CPU
		{6FE60D3B-56CC-4F3D-8A2F-3DB963FC5F10}.Release|Any CPU.ActiveCfg = Release|Any CPU
		{6FE60D3B-56CC-4F3D-8A2F-3DB963FC5F10}.Release|Any CPU.Build.0 = Release|Any CPU
	EndGlobalSection
	GlobalSection(SolutionProperties) = preSolution
		HideSolutionNode = FALSE
	EndGlobalSection
	GlobalSection(ExtensibilityGlobals) = postSolution
		SolutionGuid = {45779EB2-DCF4-4141-9145-FDCEC84E7EDD}
	EndGlobalSection
EndGlobal
