Microsoft Visual Studio Solution File, Format Version 12.00
# Visual Studio Version 17
VisualStudioVersion = 17.5.2.0
MinimumVisualStudioVersion = 10.0.40219.1
Project("{FAE04EC0-301F-11D3-BF4B-00C04F79EFBC}") = "game01", "game01.csproj", "{552402A4-7363-5962-DD0E-725F3794EC4E}"
EndProject
Global
	GlobalSection(SolutionConfigurationPlatforms) = preSolution
		Debug|Any CPU = Debug|Any CPU
		Release|Any CPU = Release|Any CPU
	EndGlobalSection
	GlobalSection(ProjectConfigurationPlatforms) = postSolution
		{552402A4-7363-5962-DD0E-725F3794EC4E}.Debug|Any CPU.ActiveCfg = Debug|Any CPU
		{552402A4-7363-5962-DD0E-725F3794EC4E}.Debug|Any CPU.Build.0 = Debug|Any CPU
		{552402A4-7363-5962-DD0E-725F3794EC4E}.Release|Any CPU.ActiveCfg = Release|Any CPU
		{552402A4-7363-5962-DD0E-725F3794EC4E}.Release|Any CPU.Build.0 = Release|Any CPU
	EndGlobalSection
	GlobalSection(SolutionProperties) = preSolution
		HideSolutionNode = FALSE
	EndGlobalSection
	GlobalSection(ExtensibilityGlobals) = postSolution
		SolutionGuid = {4DAC86F5-28D3-4B7F-A8C6-92FDD68D2660}
	EndGlobalSection
EndGlobal
