
Microsoft Visual Studio Solution File, Format Version 12.00
# Visual Studio Version 17
VisualStudioVersion = 17.7.34031.279
MinimumVisualStudioVersion = 10.0.40219.1
Project("{FAE04EC0-301F-11D3-BF4B-00C04F79EFBC}") = "src", "src.csproj", "{6C874DA3-487A-4744-A8EC-3ACF4B189263}"
EndProject
Global
	GlobalSection(SolutionConfigurationPlatforms) = preSolution
		Debug|Any CPU = Debug|Any CPU
		Release|Any CPU = Release|Any CPU
	EndGlobalSection
	GlobalSection(ProjectConfigurationPlatforms) = postSolution
		{6C874DA3-487A-4744-A8EC-3ACF4B189263}.Debug|Any CPU.ActiveCfg = Debug|Any CPU
		{6C874DA3-487A-4744-A8EC-3ACF4B189263}.Debug|Any CPU.Build.0 = Debug|Any CPU
		{6C874DA3-487A-4744-A8EC-3ACF4B189263}.Release|Any CPU.ActiveCfg = Release|Any CPU
		{6C874DA3-487A-4744-A8EC-3ACF4B189263}.Release|Any CPU.Build.0 = Release|Any CPU
	EndGlobalSection
	GlobalSection(SolutionProperties) = preSolution
		HideSolutionNode = FALSE
	EndGlobalSection
	GlobalSection(ExtensibilityGlobals) = postSolution
		SolutionGuid = {DC3A1582-7F1A-4407-A3FA-8919CD835D74}
	EndGlobalSection
EndGlobal
